
Microsoft Visual Studio Solution File, Format Version 12.00
# Visual Studio 15
VisualStudioVersion = 15.0.26730.8
MinimumVisualStudioVersion = 10.0.40219.1
Project("{FAE04EC0-301F-11D3-BF4B-00C04F79EFBC}") = "LZ78", "LZ78\LZ78.csproj", "{8ABDF797-7C34-40AA-900F-21B3B566A6F8}"
EndProject
Global
	GlobalSection(SolutionConfigurationPlatforms) = preSolution
		Debug|Any CPU = Debug|Any CPU
		Release|Any CPU = Release|Any CPU
	EndGlobalSection
	GlobalSection(ProjectConfigurationPlatforms) = postSolution
		{8ABDF797-7C34-40AA-900F-21B3B566A6F8}.Debug|Any CPU.ActiveCfg = Debug|Any CPU
		{8ABDF797-7C34-40AA-900F-21B3B566A6F8}.Debug|Any CPU.Build.0 = Debug|Any CPU
		{8ABDF797-7C34-40AA-900F-21B3B566A6F8}.Release|Any CPU.ActiveCfg = Release|Any CPU
		{8ABDF797-7C34-40AA-900F-21B3B566A6F8}.Release|Any CPU.Build.0 = Release|Any CPU
	EndGlobalSection
	GlobalSection(SolutionProperties) = preSolution
		HideSolutionNode = FALSE
	EndGlobalSection
	GlobalSection(ExtensibilityGlobals) = postSolution
		SolutionGuid = {8E88124B-070D-4903-91EE-074F3F3DB402}
	EndGlobalSection
EndGlobal
